// !$*UTF8*$!
{
	archiveVersion = 1;
	classes = {
	};
	objectVersion = 56;
	objects = {

/* Begin PBXBuildFile section */
		57E0909F2B921A080002EBA2 /* NavigationView.swift in Sources */ = {isa = PBXBuildFile; fileRef = 57E0909E2B921A080002EBA2 /* NavigationView.swift */; };
		57E090A12B926E600002EBA2 /* CardPickerView.swift in Sources */ = {isa = PBXBuildFile; fileRef = 57E090A02B926E600002EBA2 /* CardPickerView.swift */; };
		57E090A32B927D7D0002EBA2 /* DishView.swift in Sources */ = {isa = PBXBuildFile; fileRef = 57E090A22B927D7D0002EBA2 /* DishView.swift */; };
		7722B51C2B94D6EE00EEBF5C /* RoundedButton.swift in Sources */ = {isa = PBXBuildFile; fileRef = 7722B51B2B94D6EE00EEBF5C /* RoundedButton.swift */; };
		7722B51E2B94D74500EEBF5C /* IngridientsList.swift in Sources */ = {isa = PBXBuildFile; fileRef = 7722B51D2B94D74500EEBF5C /* IngridientsList.swift */; };
		7722B5202B94D77600EEBF5C /* DishModel.swift in Sources */ = {isa = PBXBuildFile; fileRef = 7722B51F2B94D77600EEBF5C /* DishModel.swift */; };
		7722B5222B94FAE800EEBF5C /* Dishes.swift in Sources */ = {isa = PBXBuildFile; fileRef = 7722B5212B94FAE800EEBF5C /* Dishes.swift */; };
		7722B5242B95047F00EEBF5C /* Addings.swift in Sources */ = {isa = PBXBuildFile; fileRef = 7722B5232B95047F00EEBF5C /* Addings.swift */; };
		7722B5262B953EAB00EEBF5C /* AppViewModel.swift in Sources */ = {isa = PBXBuildFile; fileRef = 7722B5252B953EAB00EEBF5C /* AppViewModel.swift */; };
		7722B5282B95402F00EEBF5C /* CardLike.swift in Sources */ = {isa = PBXBuildFile; fileRef = 7722B5272B95402E00EEBF5C /* CardLike.swift */; };
		7722B52A2B955B9000EEBF5C /* MainDish.swift in Sources */ = {isa = PBXBuildFile; fileRef = 7722B5292B955B9000EEBF5C /* MainDish.swift */; };
		7722B52C2B955BC400EEBF5C /* Ingridient.swift in Sources */ = {isa = PBXBuildFile; fileRef = 7722B52B2B955BC400EEBF5C /* Ingridient.swift */; };
		772A20C22B84B7C900CB15F6 /* FlavorMatchApp.swift in Sources */ = {isa = PBXBuildFile; fileRef = 772A20C12B84B7C900CB15F6 /* FlavorMatchApp.swift */; };
		772A20C42B84B7C900CB15F6 /* StartView.swift in Sources */ = {isa = PBXBuildFile; fileRef = 772A20C32B84B7C900CB15F6 /* StartView.swift */; };
		772A20C62B84B7CC00CB15F6 /* Assets.xcassets in Resources */ = {isa = PBXBuildFile; fileRef = 772A20C52B84B7CC00CB15F6 /* Assets.xcassets */; };
		772A20CA2B84B7CC00CB15F6 /* Preview Assets.xcassets in Resources */ = {isa = PBXBuildFile; fileRef = 772A20C92B84B7CC00CB15F6 /* Preview Assets.xcassets */; };
		7771ED0F2B8CE97C00769ED7 /* View+rect.swift in Sources */ = {isa = PBXBuildFile; fileRef = 7771ED0E2B8CE97C00769ED7 /* View+rect.swift */; };
/* End PBXBuildFile section */

/* Begin PBXFileReference section */
		57E0909E2B921A080002EBA2 /* NavigationView.swift */ = {isa = PBXFileReference; lastKnownFileType = sourcecode.swift; path = NavigationView.swift; sourceTree = "<group>"; };
		57E090A02B926E600002EBA2 /* CardPickerView.swift */ = {isa = PBXFileReference; lastKnownFileType = sourcecode.swift; path = CardPickerView.swift; sourceTree = "<group>"; };
		57E090A22B927D7D0002EBA2 /* DishView.swift */ = {isa = PBXFileReference; lastKnownFileType = sourcecode.swift; path = DishView.swift; sourceTree = "<group>"; };
		7722B51B2B94D6EE00EEBF5C /* RoundedButton.swift */ = {isa = PBXFileReference; lastKnownFileType = sourcecode.swift; path = RoundedButton.swift; sourceTree = "<group>"; };
		7722B51D2B94D74500EEBF5C /* IngridientsList.swift */ = {isa = PBXFileReference; lastKnownFileType = sourcecode.swift; path = IngridientsList.swift; sourceTree = "<group>"; };
		7722B51F2B94D77600EEBF5C /* DishModel.swift */ = {isa = PBXFileReference; lastKnownFileType = sourcecode.swift; path = DishModel.swift; sourceTree = "<group>"; };
		7722B5212B94FAE800EEBF5C /* Dishes.swift */ = {isa = PBXFileReference; lastKnownFileType = sourcecode.swift; path = Dishes.swift; sourceTree = "<group>"; };
		7722B5232B95047F00EEBF5C /* Addings.swift */ = {isa = PBXFileReference; lastKnownFileType = sourcecode.swift; path = Addings.swift; sourceTree = "<group>"; };
		7722B5252B953EAB00EEBF5C /* AppViewModel.swift */ = {isa = PBXFileReference; lastKnownFileType = sourcecode.swift; path = AppViewModel.swift; sourceTree = "<group>"; };
		7722B5272B95402E00EEBF5C /* CardLike.swift */ = {isa = PBXFileReference; lastKnownFileType = sourcecode.swift; path = CardLike.swift; sourceTree = "<group>"; };
		7722B5292B955B9000EEBF5C /* MainDish.swift */ = {isa = PBXFileReference; lastKnownFileType = sourcecode.swift; path = MainDish.swift; sourceTree = "<group>"; };
		7722B52B2B955BC400EEBF5C /* Ingridient.swift */ = {isa = PBXFileReference; lastKnownFileType = sourcecode.swift; path = Ingridient.swift; sourceTree = "<group>"; };
		772A20BE2B84B7C900CB15F6 /* FlavorMatch.app */ = {isa = PBXFileReference; explicitFileType = wrapper.application; includeInIndex = 0; path = FlavorMatch.app; sourceTree = BUILT_PRODUCTS_DIR; };
		772A20C12B84B7C900CB15F6 /* FlavorMatchApp.swift */ = {isa = PBXFileReference; lastKnownFileType = sourcecode.swift; path = FlavorMatchApp.swift; sourceTree = "<group>"; };
		772A20C32B84B7C900CB15F6 /* StartView.swift */ = {isa = PBXFileReference; lastKnownFileType = sourcecode.swift; path = StartView.swift; sourceTree = "<group>"; };
		772A20C52B84B7CC00CB15F6 /* Assets.xcassets */ = {isa = PBXFileReference; lastKnownFileType = folder.assetcatalog; path = Assets.xcassets; sourceTree = "<group>"; };
		772A20C72B84B7CC00CB15F6 /* FlavorMatch.entitlements */ = {isa = PBXFileReference; lastKnownFileType = text.plist.entitlements; path = FlavorMatch.entitlements; sourceTree = "<group>"; };
		772A20C92B84B7CC00CB15F6 /* Preview Assets.xcassets */ = {isa = PBXFileReference; lastKnownFileType = folder.assetcatalog; path = "Preview Assets.xcassets"; sourceTree = "<group>"; };
		7771ED0E2B8CE97C00769ED7 /* View+rect.swift */ = {isa = PBXFileReference; lastKnownFileType = sourcecode.swift; path = "View+rect.swift"; sourceTree = "<group>"; };
/* End PBXFileReference section */

/* Begin PBXFrameworksBuildPhase section */
		772A20BB2B84B7C900CB15F6 /* Frameworks */ = {
			isa = PBXFrameworksBuildPhase;
			buildActionMask = 2147483647;
			files = (
			);
			runOnlyForDeploymentPostprocessing = 0;
		};
/* End PBXFrameworksBuildPhase section */

/* Begin PBXGroup section */
		772A20B52B84B7C900CB15F6 = {
			isa = PBXGroup;
			children = (
				772A20C02B84B7C900CB15F6 /* FlavorMatch */,
				772A20BF2B84B7C900CB15F6 /* Products */,
			);
			sourceTree = "<group>";
		};
		772A20BF2B84B7C900CB15F6 /* Products */ = {
			isa = PBXGroup;
			children = (
				772A20BE2B84B7C900CB15F6 /* FlavorMatch.app */,
			);
			name = Products;
			sourceTree = "<group>";
		};
		772A20C02B84B7C900CB15F6 /* FlavorMatch */ = {
			isa = PBXGroup;
			children = (
				772A20C12B84B7C900CB15F6 /* FlavorMatchApp.swift */,
				772A20C32B84B7C900CB15F6 /* StartView.swift */,
				57E0909E2B921A080002EBA2 /* NavigationView.swift */,
				7722B5252B953EAB00EEBF5C /* AppViewModel.swift */,
				7722B5232B95047F00EEBF5C /* Addings.swift */,
				7722B51B2B94D6EE00EEBF5C /* RoundedButton.swift */,
				57E090A22B927D7D0002EBA2 /* DishView.swift */,
				77A85C862B8D3CFB006C0F4E /* Cards */,
				7771ED112B8D1CE200769ED7 /* Models */,
				7771ED102B8D1CD100769ED7 /* Extensions */,
				772A20C52B84B7CC00CB15F6 /* Assets.xcassets */,
				772A20C72B84B7CC00CB15F6 /* FlavorMatch.entitlements */,
				772A20C82B84B7CC00CB15F6 /* Preview Content */,
			);
			path = FlavorMatch;
			sourceTree = "<group>";
		};
		772A20C82B84B7CC00CB15F6 /* Preview Content */ = {
			isa = PBXGroup;
			children = (
				772A20C92B84B7CC00CB15F6 /* Preview Assets.xcassets */,
			);
			path = "Preview Content";
			sourceTree = "<group>";
		};
		7771ED102B8D1CD100769ED7 /* Extensions */ = {
			isa = PBXGroup;
			children = (
				7771ED0E2B8CE97C00769ED7 /* View+rect.swift */,
			);
			path = Extensions;
			sourceTree = "<group>";
		};
		7771ED112B8D1CE200769ED7 /* Models */ = {
			isa = PBXGroup;
			children = (
				7722B5292B955B9000EEBF5C /* MainDish.swift */,
				7722B52B2B955BC400EEBF5C /* Ingridient.swift */,
				7722B51F2B94D77600EEBF5C /* DishModel.swift */,
				7722B5212B94FAE800EEBF5C /* Dishes.swift */,
				7722B51D2B94D74500EEBF5C /* IngridientsList.swift */,
			);
			path = Models;
			sourceTree = "<group>";
		};
		77A85C862B8D3CFB006C0F4E /* Cards */ = {
			isa = PBXGroup;
			children = (
				7722B5272B95402E00EEBF5C /* CardLike.swift */,
				57E090A02B926E600002EBA2 /* CardPickerView.swift */,
			);
			path = Cards;
			sourceTree = "<group>";
		};
/* End PBXGroup section */

/* Begin PBXNativeTarget section */
		772A20BD2B84B7C900CB15F6 /* FlavorMatch */ = {
			isa = PBXNativeTarget;
			buildConfigurationList = 772A20CD2B84B7CC00CB15F6 /* Build configuration list for PBXNativeTarget "FlavorMatch" */;
			buildPhases = (
				772A20BA2B84B7C900CB15F6 /* Sources */,
				772A20BB2B84B7C900CB15F6 /* Frameworks */,
				772A20BC2B84B7C900CB15F6 /* Resources */,
			);
			buildRules = (
			);
			dependencies = (
			);
			name = FlavorMatch;
			productName = FlavorMatch;
			productReference = 772A20BE2B84B7C900CB15F6 /* FlavorMatch.app */;
			productType = "com.apple.product-type.application";
		};
/* End PBXNativeTarget section */

/* Begin PBXProject section */
		772A20B62B84B7C900CB15F6 /* Project object */ = {
			isa = PBXProject;
			attributes = {
				BuildIndependentTargetsInParallel = 1;
				LastSwiftUpdateCheck = 1520;
				LastUpgradeCheck = 1520;
				TargetAttributes = {
					772A20BD2B84B7C900CB15F6 = {
						CreatedOnToolsVersion = 15.2;
					};
				};
			};
			buildConfigurationList = 772A20B92B84B7C900CB15F6 /* Build configuration list for PBXProject "FlavorMatch" */;
			compatibilityVersion = "Xcode 14.0";
			developmentRegion = en;
			hasScannedForEncodings = 0;
			knownRegions = (
				en,
				Base,
			);
			mainGroup = 772A20B52B84B7C900CB15F6;
			productRefGroup = 772A20BF2B84B7C900CB15F6 /* Products */;
			projectDirPath = "";
			projectRoot = "";
			targets = (
				772A20BD2B84B7C900CB15F6 /* FlavorMatch */,
			);
		};
/* End PBXProject section */

/* Begin PBXResourcesBuildPhase section */
		772A20BC2B84B7C900CB15F6 /* Resources */ = {
			isa = PBXResourcesBuildPhase;
			buildActionMask = 2147483647;
			files = (
				772A20CA2B84B7CC00CB15F6 /* Preview Assets.xcassets in Resources */,
				772A20C62B84B7CC00CB15F6 /* Assets.xcassets in Resources */,
			);
			runOnlyForDeploymentPostprocessing = 0;
		};
/* End PBXResourcesBuildPhase section */

/* Begin PBXSourcesBuildPhase section */
		772A20BA2B84B7C900CB15F6 /* Sources */ = {
			isa = PBXSourcesBuildPhase;
			buildActionMask = 2147483647;
			files = (
				772A20C42B84B7C900CB15F6 /* StartView.swift in Sources */,
				57E0909F2B921A080002EBA2 /* NavigationView.swift in Sources */,
				7722B52C2B955BC400EEBF5C /* Ingridient.swift in Sources */,
				7722B5222B94FAE800EEBF5C /* Dishes.swift in Sources */,
				7771ED0F2B8CE97C00769ED7 /* View+rect.swift in Sources */,
				7722B51E2B94D74500EEBF5C /* IngridientsList.swift in Sources */,
				57E090A12B926E600002EBA2 /* CardPickerView.swift in Sources */,
				7722B51C2B94D6EE00EEBF5C /* RoundedButton.swift in Sources */,
				7722B5242B95047F00EEBF5C /* Addings.swift in Sources */,
				7722B5262B953EAB00EEBF5C /* AppViewModel.swift in Sources */,
				7722B5282B95402F00EEBF5C /* CardLike.swift in Sources */,
				7722B52A2B955B9000EEBF5C /* MainDish.swift in Sources */,
				57E090A32B927D7D0002EBA2 /* DishView.swift in Sources */,
				7722B5202B94D77600EEBF5C /* DishModel.swift in Sources */,
				772A20C22B84B7C900CB15F6 /* FlavorMatchApp.swift in Sources */,
			);
			runOnlyForDeploymentPostprocessing = 0;
		};
/* End PBXSourcesBuildPhase section */

/* Begin XCBuildConfiguration section */
		772A20CB2B84B7CC00CB15F6 /* Debug */ = {
			isa = XCBuildConfiguration;
			buildSettings = {
				ALWAYS_SEARCH_USER_PATHS = NO;
				ASSETCATALOG_COMPILER_GENERATE_SWIFT_ASSET_SYMBOL_EXTENSIONS = YES;
				CLANG_ANALYZER_NONNULL = YES;
				CLANG_ANALYZER_NUMBER_OBJECT_CONVERSION = YES_AGGRESSIVE;
				CLANG_CXX_LANGUAGE_STANDARD = "gnu++20";
				CLANG_ENABLE_MODULES = YES;
				CLANG_ENABLE_OBJC_ARC = YES;
				CLANG_ENABLE_OBJC_WEAK = YES;
				CLANG_WARN_BLOCK_CAPTURE_AUTORELEASING = YES;
				CLANG_WARN_BOOL_CONVERSION = YES;
				CLANG_WARN_COMMA = YES;
				CLANG_WARN_CONSTANT_CONVERSION = YES;
				CLANG_WARN_DEPRECATED_OBJC_IMPLEMENTATIONS = YES;
				CLANG_WARN_DIRECT_OBJC_ISA_USAGE = YES_ERROR;
				CLANG_WARN_DOCUMENTATION_COMMENTS = YES;
				CLANG_WARN_EMPTY_BODY = YES;
				CLANG_WARN_ENUM_CONVERSION = YES;
				CLANG_WARN_INFINITE_RECURSION = YES;
				CLANG_WARN_INT_CONVERSION = YES;
				CLANG_WARN_NON_LITERAL_NULL_CONVERSION = YES;
				CLANG_WARN_OBJC_IMPLICIT_RETAIN_SELF = YES;
				CLANG_WARN_OBJC_LITERAL_CONVERSION = YES;
				CLANG_WARN_OBJC_ROOT_CLASS = YES_ERROR;
				CLANG_WARN_QUOTED_INCLUDE_IN_FRAMEWORK_HEADER = YES;
				CLANG_WARN_RANGE_LOOP_ANALYSIS = YES;
				CLANG_WARN_STRICT_PROTOTYPES = YES;
				CLANG_WARN_SUSPICIOUS_MOVE = YES;
				CLANG_WARN_UNGUARDED_AVAILABILITY = YES_AGGRESSIVE;
				CLANG_WARN_UNREACHABLE_CODE = YES;
				CLANG_WARN__DUPLICATE_METHOD_MATCH = YES;
				COPY_PHASE_STRIP = NO;
				DEBUG_INFORMATION_FORMAT = dwarf;
				ENABLE_STRICT_OBJC_MSGSEND = YES;
				ENABLE_TESTABILITY = YES;
				ENABLE_USER_SCRIPT_SANDBOXING = YES;
				GCC_C_LANGUAGE_STANDARD = gnu17;
				GCC_DYNAMIC_NO_PIC = NO;
				GCC_NO_COMMON_BLOCKS = YES;
				GCC_OPTIMIZATION_LEVEL = 0;
				GCC_PREPROCESSOR_DEFINITIONS = (
					"DEBUG=1",
					"$(inherited)",
				);
				GCC_WARN_64_TO_32_BIT_CONVERSION = YES;
				GCC_WARN_ABOUT_RETURN_TYPE = YES_ERROR;
				GCC_WARN_UNDECLARED_SELECTOR = YES;
				GCC_WARN_UNINITIALIZED_AUTOS = YES_AGGRESSIVE;
				GCC_WARN_UNUSED_FUNCTION = YES;
				GCC_WARN_UNUSED_VARIABLE = YES;
				LOCALIZATION_PREFERS_STRING_CATALOGS = YES;
				MTL_ENABLE_DEBUG_INFO = INCLUDE_SOURCE;
				MTL_FAST_MATH = YES;
				ONLY_ACTIVE_ARCH = YES;
				SWIFT_ACTIVE_COMPILATION_CONDITIONS = "DEBUG $(inherited)";
				SWIFT_OPTIMIZATION_LEVEL = "-Onone";
			};
			name = Debug;
		};
		772A20CC2B84B7CC00CB15F6 /* Release */ = {
			isa = XCBuildConfiguration;
			buildSettings = {
				ALWAYS_SEARCH_USER_PATHS = NO;
				ASSETCATALOG_COMPILER_GENERATE_SWIFT_ASSET_SYMBOL_EXTENSIONS = YES;
				CLANG_ANALYZER_NONNULL = YES;
				CLANG_ANALYZER_NUMBER_OBJECT_CONVERSION = YES_AGGRESSIVE;
				CLANG_CXX_LANGUAGE_STANDARD = "gnu++20";
				CLANG_ENABLE_MODULES = YES;
				CLANG_ENABLE_OBJC_ARC = YES;
				CLANG_ENABLE_OBJC_WEAK = YES;
				CLANG_WARN_BLOCK_CAPTURE_AUTORELEASING = YES;
				CLANG_WARN_BOOL_CONVERSION = YES;
				CLANG_WARN_COMMA = YES;
				CLANG_WARN_CONSTANT_CONVERSION = YES;
				CLANG_WARN_DEPRECATED_OBJC_IMPLEMENTATIONS = YES;
				CLANG_WARN_DIRECT_OBJC_ISA_USAGE = YES_ERROR;
				CLANG_WARN_DOCUMENTATION_COMMENTS = YES;
				CLANG_WARN_EMPTY_BODY = YES;
				CLANG_WARN_ENUM_CONVERSION = YES;
				CLANG_WARN_INFINITE_RECURSION = YES;
				CLANG_WARN_INT_CONVERSION = YES;
				CLANG_WARN_NON_LITERAL_NULL_CONVERSION = YES;
				CLANG_WARN_OBJC_IMPLICIT_RETAIN_SELF = YES;
				CLANG_WARN_OBJC_LITERAL_CONVERSION = YES;
				CLANG_WARN_OBJC_ROOT_CLASS = YES_ERROR;
				CLANG_WARN_QUOTED_INCLUDE_IN_FRAMEWORK_HEADER = YES;
				CLANG_WARN_RANGE_LOOP_ANALYSIS = YES;
				CLANG_WARN_STRICT_PROTOTYPES = YES;
				CLANG_WARN_SUSPICIOUS_MOVE = YES;
				CLANG_WARN_UNGUARDED_AVAILABILITY = YES_AGGRESSIVE;
				CLANG_WARN_UNREACHABLE_CODE = YES;
				CLANG_WARN__DUPLICATE_METHOD_MATCH = YES;
				COPY_PHASE_STRIP = NO;
				DEBUG_INFORMATION_FORMAT = "dwarf-with-dsym";
				ENABLE_NS_ASSERTIONS = NO;
				ENABLE_STRICT_OBJC_MSGSEND = YES;
				ENABLE_USER_SCRIPT_SANDBOXING = YES;
				GCC_C_LANGUAGE_STANDARD = gnu17;
				GCC_NO_COMMON_BLOCKS = YES;
				GCC_WARN_64_TO_32_BIT_CONVERSION = YES;
				GCC_WARN_ABOUT_RETURN_TYPE = YES_ERROR;
				GCC_WARN_UNDECLARED_SELECTOR = YES;
				GCC_WARN_UNINITIALIZED_AUTOS = YES_AGGRESSIVE;
				GCC_WARN_UNUSED_FUNCTION = YES;
				GCC_WARN_UNUSED_VARIABLE = YES;
				LOCALIZATION_PREFERS_STRING_CATALOGS = YES;
				MTL_ENABLE_DEBUG_INFO = NO;
				MTL_FAST_MATH = YES;
				SWIFT_COMPILATION_MODE = wholemodule;
			};
			name = Release;
		};
		772A20CE2B84B7CC00CB15F6 /* Debug */ = {
			isa = XCBuildConfiguration;
			buildSettings = {
				ASSETCATALOG_COMPILER_APPICON_NAME = AppIcon;
				ASSETCATALOG_COMPILER_GLOBAL_ACCENT_COLOR_NAME = AccentColor;
				CODE_SIGN_ENTITLEMENTS = FlavorMatch/FlavorMatch.entitlements;
				CODE_SIGN_STYLE = Automatic;
				CURRENT_PROJECT_VERSION = 4;
				DEVELOPMENT_ASSET_PATHS = "\"FlavorMatch/Preview Content\"";
				DEVELOPMENT_TEAM = M9SN9YUYC9;
				ENABLE_HARDENED_RUNTIME = YES;
				ENABLE_PREVIEWS = YES;
				GENERATE_INFOPLIST_FILE = YES;
				"INFOPLIST_KEY_UIApplicationSceneManifest_Generation[sdk=iphoneos*]" = YES;
				"INFOPLIST_KEY_UIApplicationSceneManifest_Generation[sdk=iphonesimulator*]" = YES;
				"INFOPLIST_KEY_UIApplicationSupportsIndirectInputEvents[sdk=iphoneos*]" = YES;
				"INFOPLIST_KEY_UIApplicationSupportsIndirectInputEvents[sdk=iphonesimulator*]" = YES;
				"INFOPLIST_KEY_UILaunchScreen_Generation[sdk=iphoneos*]" = YES;
				"INFOPLIST_KEY_UILaunchScreen_Generation[sdk=iphonesimulator*]" = YES;
				"INFOPLIST_KEY_UIStatusBarStyle[sdk=iphoneos*]" = UIStatusBarStyleDefault;
				"INFOPLIST_KEY_UIStatusBarStyle[sdk=iphonesimulator*]" = UIStatusBarStyleDefault;
				INFOPLIST_KEY_UISupportedInterfaceOrientations_iPad = "UIInterfaceOrientationPortrait UIInterfaceOrientationPortraitUpsideDown UIInterfaceOrientationLandscapeLeft UIInterfaceOrientationLandscapeRight";
				INFOPLIST_KEY_UISupportedInterfaceOrientations_iPhone = "UIInterfaceOrientationPortrait UIInterfaceOrientationLandscapeLeft UIInterfaceOrientationLandscapeRight";
				IPHONEOS_DEPLOYMENT_TARGET = 16.0;
				LD_RUNPATH_SEARCH_PATHS = "@executable_path/Frameworks";
				"LD_RUNPATH_SEARCH_PATHS[sdk=macosx*]" = "@executable_path/../Frameworks";
				MACOSX_DEPLOYMENT_TARGET = 14.2;
				MARKETING_VERSION = 1;
				PRODUCT_BUNDLE_IDENTIFIER = com.FlavorMatch;
				PRODUCT_NAME = "$(TARGET_NAME)";
				SDKROOT = auto;
				SUPPORTED_PLATFORMS = "iphoneos iphonesimulator macosx";
				SWIFT_EMIT_LOC_STRINGS = YES;
				SWIFT_VERSION = 5.0;
				TARGETED_DEVICE_FAMILY = "1,2";
			};
			name = Debug;
		};
		772A20CF2B84B7CC00CB15F6 /* Release */ = {
			isa = XCBuildConfiguration;
			buildSettings = {
				ASSETCATALOG_COMPILER_APPICON_NAME = AppIcon;
				ASSETCATALOG_COMPILER_GLOBAL_ACCENT_COLOR_NAME = AccentColor;
				CODE_SIGN_ENTITLEMENTS = FlavorMatch/FlavorMatch.entitlements;
				CODE_SIGN_STYLE = Automatic;
				CURRENT_PROJECT_VERSION = 4;
				DEVELOPMENT_ASSET_PATHS = "\"FlavorMatch/Preview Content\"";
				DEVELOPMENT_TEAM = M9SN9YUYC9;
				ENABLE_HARDENED_RUNTIME = YES;
				ENABLE_PREVIEWS = YES;
				GENERATE_INFOPLIST_FILE = YES;
				"INFOPLIST_KEY_UIApplicationSceneManifest_Generation[sdk=iphoneos*]" = YES;
				"INFOPLIST_KEY_UIApplicationSceneManifest_Generation[sdk=iphonesimulator*]" = YES;
				"INFOPLIST_KEY_UIApplicationSupportsIndirectInputEvents[sdk=iphoneos*]" = YES;
				"INFOPLIST_KEY_UIApplicationSupportsIndirectInputEvents[sdk=iphonesimulator*]" = YES;
				"INFOPLIST_KEY_UILaunchScreen_Generation[sdk=iphoneos*]" = YES;
				"INFOPLIST_KEY_UILaunchScreen_Generation[sdk=iphonesimulator*]" = YES;
				"INFOPLIST_KEY_UIStatusBarStyle[sdk=iphoneos*]" = UIStatusBarStyleDefault;
				"INFOPLIST_KEY_UIStatusBarStyle[sdk=iphonesimulator*]" = UIStatusBarStyleDefault;
				INFOPLIST_KEY_UISupportedInterfaceOrientations_iPad = "UIInterfaceOrientationPortrait UIInterfaceOrientationPortraitUpsideDown UIInterfaceOrientationLandscapeLeft UIInterfaceOrientationLandscapeRight";
				INFOPLIST_KEY_UISupportedInterfaceOrientations_iPhone = "UIInterfaceOrientationPortrait UIInterfaceOrientationLandscapeLeft UIInterfaceOrientationLandscapeRight";
				IPHONEOS_DEPLOYMENT_TARGET = 16.0;
				LD_RUNPATH_SEARCH_PATHS = "@executable_path/Frameworks";
				"LD_RUNPATH_SEARCH_PATHS[sdk=macosx*]" = "@executable_path/../Frameworks";
				MACOSX_DEPLOYMENT_TARGET = 14.2;
				MARKETING_VERSION = 1;
				PRODUCT_BUNDLE_IDENTIFIER = com.FlavorMatch;
				PRODUCT_NAME = "$(TARGET_NAME)";
				SDKROOT = auto;
				SUPPORTED_PLATFORMS = "iphoneos iphonesimulator macosx";
				SWIFT_EMIT_LOC_STRINGS = YES;
				SWIFT_VERSION = 5.0;
				TARGETED_DEVICE_FAMILY = "1,2";
			};
			name = Release;
		};
/* End XCBuildConfiguration section */

/* Begin XCConfigurationList section */
		772A20B92B84B7C900CB15F6 /* Build configuration list for PBXProject "FlavorMatch" */ = {
			isa = XCConfigurationList;
			buildConfigurations = (
				772A20CB2B84B7CC00CB15F6 /* Debug */,
				772A20CC2B84B7CC00CB15F6 /* Release */,
			);
			defaultConfigurationIsVisible = 0;
			defaultConfigurationName = Release;
		};
		772A20CD2B84B7CC00CB15F6 /* Build configuration list for PBXNativeTarget "FlavorMatch" */ = {
			isa = XCConfigurationList;
			buildConfigurations = (
				772A20CE2B84B7CC00CB15F6 /* Debug */,
				772A20CF2B84B7CC00CB15F6 /* Release */,
			);
			defaultConfigurationIsVisible = 0;
			defaultConfigurationName = Release;
		};
/* End XCConfigurationList section */
	};
	rootObject = 772A20B62B84B7C900CB15F6 /* Project object */;
}
